
Microsoft Visual Studio Solution File, Format Version 12.00
# Visual Studio 15
VisualStudioVersion = 15.0.27703.2042
MinimumVisualStudioVersion = 10.0.40219.1
Project("{FAE04EC0-301F-11D3-BF4B-00C04F79EFBC}") = "CommerceV3", "CommerceV3\CommerceV3.csproj", "{F5979E86-C644-4A02-A1DD-35AF7661872A}"
EndProject
Global
	GlobalSection(SolutionConfigurationPlatforms) = preSolution
		Debug|Any CPU = Debug|Any CPU
		Release|Any CPU = Release|Any CPU
	EndGlobalSection
	GlobalSection(ProjectConfigurationPlatforms) = postSolution
		{F5979E86-C644-4A02-A1DD-35AF7661872A}.Debug|Any CPU.ActiveCfg = Debug|Any CPU
		{F5979E86-C644-4A02-A1DD-35AF7661872A}.Debug|Any CPU.Build.0 = Debug|Any CPU
		{F5979E86-C644-4A02-A1DD-35AF7661872A}.Release|Any CPU.ActiveCfg = Release|Any CPU
		{F5979E86-C644-4A02-A1DD-35AF7661872A}.Release|Any CPU.Build.0 = Release|Any CPU
	EndGlobalSection
	GlobalSection(SolutionProperties) = preSolution
		HideSolutionNode = FALSE
	EndGlobalSection
	GlobalSection(ExtensibilityGlobals) = postSolution
		SolutionGuid = {63954DDA-EBDE-46E0-B897-C069ABB11A6A}
	EndGlobalSection
EndGlobal
